// !$*UTF8*$!
{
	archiveVersion = 1;
	classes = {
	};
	objectVersion = 46;
	objects = {

/* Begin PBXBuildFile section */
		5B2DA5C01C3295DB00C901FC /* Account.swift in Sources */ = {isa = PBXBuildFile; fileRef = 5B2DA5BF1C3295DB00C901FC /* Account.swift */; };
		5B2DA5C21C32964400C901FC /* AccountModelTests.swift in Sources */ = {isa = PBXBuildFile; fileRef = 5B2DA5C11C32964400C901FC /* AccountModelTests.swift */; };
		5B3AF5161C0FA33B00ABF7AA /* Assets.xcassets in Resources */ = {isa = PBXBuildFile; fileRef = 5B3AF5151C0FA33B00ABF7AA /* Assets.xcassets */; };
		5B3CAD291C14E86E005568DF /* AppDelegate.swift in Sources */ = {isa = PBXBuildFile; fileRef = 5B3CAD231C14E86E005568DF /* AppDelegate.swift */; };
		5B3CAD2B1C14E86E005568DF /* LaunchScreen.storyboard in Resources */ = {isa = PBXBuildFile; fileRef = 5B3CAD251C14E86E005568DF /* LaunchScreen.storyboard */; };
		5B3CAD2C1C14E86E005568DF /* Main.storyboard in Resources */ = {isa = PBXBuildFile; fileRef = 5B3CAD261C14E86E005568DF /* Main.storyboard */; };
		5B3CAD301C14E95C005568DF /* Default-568h@2x.png in Resources */ = {isa = PBXBuildFile; fileRef = 5B3CAD2F1C14E95C005568DF /* Default-568h@2x.png */; };
		5B44D4751D248B2A003D63B6 /* AccountDetailsViewCell.swift in Sources */ = {isa = PBXBuildFile; fileRef = 5B44D4741D248B2A003D63B6 /* AccountDetailsViewCell.swift */; };
		5B63DDA01D3B43D200B01A96 /* Transaction.swift in Sources */ = {isa = PBXBuildFile; fileRef = 5B63DD9C1D3B43D200B01A96 /* Transaction.swift */; };
		5B63DDA11D3B43D200B01A96 /* AccountsManager.swift in Sources */ = {isa = PBXBuildFile; fileRef = 5B63DD9D1D3B43D200B01A96 /* AccountsManager.swift */; };
		5B63DDA21D3B43D200B01A96 /* TransactionService.swift in Sources */ = {isa = PBXBuildFile; fileRef = 5B63DD9E1D3B43D200B01A96 /* TransactionService.swift */; };
		5B63DDA31D3B43D200B01A96 /* GroupedTransactions.swift in Sources */ = {isa = PBXBuildFile; fileRef = 5B63DD9F1D3B43D200B01A96 /* GroupedTransactions.swift */; };
		5B63DDA51D3B43F300B01A96 /* GetTransactions2423.json in Resources */ = {isa = PBXBuildFile; fileRef = 5B63DDA41D3B43F300B01A96 /* GetTransactions2423.json */; };
		5B63DDA71D3B458C00B01A96 /* TransactionModelTests.swift in Sources */ = {isa = PBXBuildFile; fileRef = 5B63DDA61D3B458C00B01A96 /* TransactionModelTests.swift */; };
		5B8394B01D94B0FA007560CF /* AccountService.swift in Sources */ = {isa = PBXBuildFile; fileRef = 5B8394AE1D94B0FA007560CF /* AccountService.swift */; };
		5B8394B11D94B0FA007560CF /* ServiceHelper.swift in Sources */ = {isa = PBXBuildFile; fileRef = 5B8394AF1D94B0FA007560CF /* ServiceHelper.swift */; };
		5B926DFF1D23989700458C4E /* NibDesignableView.swift in Sources */ = {isa = PBXBuildFile; fileRef = 5B926DFD1D23989700458C4E /* NibDesignableView.swift */; };
		5B926E001D23989700458C4E /* UIView+ViewFromNib.swift in Sources */ = {isa = PBXBuildFile; fileRef = 5B926DFE1D23989700458C4E /* UIView+ViewFromNib.swift */; };
		5B926E021D23A43400458C4E /* AccountsViewController.swift in Sources */ = {isa = PBXBuildFile; fileRef = 5B926E011D23A43400458C4E /* AccountsViewController.swift */; };
		5B926E041D23E8D600458C4E /* AccountDetailsView.swift in Sources */ = {isa = PBXBuildFile; fileRef = 5B926E031D23E8D600458C4E /* AccountDetailsView.swift */; };
		5B926E061D23E8F400458C4E /* AccountDetailsView.xib in Resources */ = {isa = PBXBuildFile; fileRef = 5B926E051D23E8F400458C4E /* AccountDetailsView.xib */; };
		5B93DD631D9002FD000BCE40 /* JSON.swift in Sources */ = {isa = PBXBuildFile; fileRef = 5B93DD621D9002FD000BCE40 /* JSON.swift */; };
		5B95813D1D26729F00E58117 /* UIImageEffects.m in Sources */ = {isa = PBXBuildFile; fileRef = 5B95813C1D26729F00E58117 /* UIImageEffects.m */; };
		5B9A08061D3BBE990097D365 /* GetTransactions2424.json in Resources */ = {isa = PBXBuildFile; fileRef = 5B9A08051D3BBE990097D365 /* GetTransactions2424.json */; };
		5B9B11EA1D2C0A8E00463160 /* NavigationDemo.storyboard in Resources */ = {isa = PBXBuildFile; fileRef = 5B9B11E91D2C0A8E00463160 /* NavigationDemo.storyboard */; };
		5B9B11ED1D2C0A9D00463160 /* FirstViewController.swift in Sources */ = {isa = PBXBuildFile; fileRef = 5B9B11EB1D2C0A9D00463160 /* FirstViewController.swift */; };
		5B9B11EE1D2C0A9D00463160 /* SecondViewController.swift in Sources */ = {isa = PBXBuildFile; fileRef = 5B9B11EC1D2C0A9D00463160 /* SecondViewController.swift */; };
		5BCF7C061D95421E00D18FE5 /* ServiceURLs.swift in Sources */ = {isa = PBXBuildFile; fileRef = 5BCF7C051D95421E00D18FE5 /* ServiceURLs.swift */; };
		5BCF7C091D9545C300D18FE5 /* GetAccounts.json in Resources */ = {isa = PBXBuildFile; fileRef = 5B2DA5BD1C3294E200C901FC /* GetAccounts.json */; };
		5BCF7C0B1D955B2600D18FE5 /* Result.swift in Sources */ = {isa = PBXBuildFile; fileRef = 5BCF7C0A1D955B2600D18FE5 /* Result.swift */; };
		5BE89E761D3BC305006BA2FD /* AccountsManager+Transactions.swift in Sources */ = {isa = PBXBuildFile; fileRef = 5BE89E751D3BC305006BA2FD /* AccountsManager+Transactions.swift */; };
		5BEFC9E01DF413C0006C1206 /* TransactionsViewController.swift in Sources */ = {isa = PBXBuildFile; fileRef = 5BEFC9DF1DF413C0006C1206 /* TransactionsViewController.swift */; };
		D0FE04E3FFD4064977AF0758 /* Pods_IntroWorkshop.framework in Frameworks */ = {isa = PBXBuildFile; fileRef = E6AFD6CF375E3CAD9E2BF3AE /* Pods_IntroWorkshop.framework */; };
/* End PBXBuildFile section */

/* Begin PBXContainerItemProxy section */
		5B3AF5201C0FA33B00ABF7AA /* PBXContainerItemProxy */ = {
			isa = PBXContainerItemProxy;
			containerPortal = 5B3AF5031C0FA33B00ABF7AA /* Project object */;
			proxyType = 1;
			remoteGlobalIDString = 5B3AF50A1C0FA33B00ABF7AA;
			remoteInfo = IntroWorkshop;
		};
/* End PBXContainerItemProxy section */

/* Begin PBXFileReference section */
		5721241A1DADB328046C2AE2 /* Pods-IntroWorkshop.release.xcconfig */ = {isa = PBXFileReference; includeInIndex = 1; lastKnownFileType = text.xcconfig; name = "Pods-IntroWorkshop.release.xcconfig"; path = "Pods/Target Support Files/Pods-IntroWorkshop/Pods-IntroWorkshop.release.xcconfig"; sourceTree = "<group>"; };
		5B2DA5BD1C3294E200C901FC /* GetAccounts.json */ = {isa = PBXFileReference; fileEncoding = 4; lastKnownFileType = text.json; path = GetAccounts.json; sourceTree = "<group>"; };
		5B2DA5BF1C3295DB00C901FC /* Account.swift */ = {isa = PBXFileReference; fileEncoding = 4; lastKnownFileType = sourcecode.swift; path = Account.swift; sourceTree = "<group>"; };
		5B2DA5C11C32964400C901FC /* AccountModelTests.swift */ = {isa = PBXFileReference; fileEncoding = 4; lastKnownFileType = sourcecode.swift; path = AccountModelTests.swift; sourceTree = "<group>"; };
		5B3AF50B1C0FA33B00ABF7AA /* IntroWorkshop.app */ = {isa = PBXFileReference; explicitFileType = wrapper.application; includeInIndex = 0; path = IntroWorkshop.app; sourceTree = BUILT_PRODUCTS_DIR; };
		5B3AF5151C0FA33B00ABF7AA /* Assets.xcassets */ = {isa = PBXFileReference; lastKnownFileType = folder.assetcatalog; path = Assets.xcassets; sourceTree = "<group>"; };
		5B3AF51F1C0FA33B00ABF7AA /* IntroWorkshopTests.xctest */ = {isa = PBXFileReference; explicitFileType = wrapper.cfbundle; includeInIndex = 0; path = IntroWorkshopTests.xctest; sourceTree = BUILT_PRODUCTS_DIR; };
		5B3AF5251C0FA33B00ABF7AA /* Info.plist */ = {isa = PBXFileReference; lastKnownFileType = text.plist.xml; path = Info.plist; sourceTree = "<group>"; };
		5B3CAD231C14E86E005568DF /* AppDelegate.swift */ = {isa = PBXFileReference; fileEncoding = 4; lastKnownFileType = sourcecode.swift; path = AppDelegate.swift; sourceTree = "<group>"; };
		5B3CAD241C14E86E005568DF /* Info.plist */ = {isa = PBXFileReference; fileEncoding = 4; lastKnownFileType = text.plist.xml; path = Info.plist; sourceTree = "<group>"; };
		5B3CAD251C14E86E005568DF /* LaunchScreen.storyboard */ = {isa = PBXFileReference; fileEncoding = 4; lastKnownFileType = file.storyboard; path = LaunchScreen.storyboard; sourceTree = "<group>"; };
		5B3CAD261C14E86E005568DF /* Main.storyboard */ = {isa = PBXFileReference; fileEncoding = 4; lastKnownFileType = file.storyboard; path = Main.storyboard; sourceTree = "<group>"; };
		5B3CAD2F1C14E95C005568DF /* Default-568h@2x.png */ = {isa = PBXFileReference; lastKnownFileType = image.png; path = "Default-568h@2x.png"; sourceTree = "<group>"; };
		5B44D4741D248B2A003D63B6 /* AccountDetailsViewCell.swift */ = {isa = PBXFileReference; fileEncoding = 4; lastKnownFileType = sourcecode.swift; path = AccountDetailsViewCell.swift; sourceTree = "<group>"; };
		5B63DD9C1D3B43D200B01A96 /* Transaction.swift */ = {isa = PBXFileReference; fileEncoding = 4; lastKnownFileType = sourcecode.swift; path = Transaction.swift; sourceTree = "<group>"; };
		5B63DD9D1D3B43D200B01A96 /* AccountsManager.swift */ = {isa = PBXFileReference; fileEncoding = 4; lastKnownFileType = sourcecode.swift; path = AccountsManager.swift; sourceTree = "<group>"; };
		5B63DD9E1D3B43D200B01A96 /* TransactionService.swift */ = {isa = PBXFileReference; fileEncoding = 4; lastKnownFileType = sourcecode.swift; path = TransactionService.swift; sourceTree = "<group>"; };
		5B63DD9F1D3B43D200B01A96 /* GroupedTransactions.swift */ = {isa = PBXFileReference; fileEncoding = 4; lastKnownFileType = sourcecode.swift; path = GroupedTransactions.swift; sourceTree = "<group>"; };
		5B63DDA41D3B43F300B01A96 /* GetTransactions2423.json */ = {isa = PBXFileReference; fileEncoding = 4; lastKnownFileType = text.json; path = GetTransactions2423.json; sourceTree = "<group>"; };
		5B63DDA61D3B458C00B01A96 /* TransactionModelTests.swift */ = {isa = PBXFileReference; fileEncoding = 4; lastKnownFileType = sourcecode.swift; path = TransactionModelTests.swift; sourceTree = "<group>"; };
		5B8394AE1D94B0FA007560CF /* AccountService.swift */ = {isa = PBXFileReference; fileEncoding = 4; lastKnownFileType = sourcecode.swift; path = AccountService.swift; sourceTree = "<group>"; };
		5B8394AF1D94B0FA007560CF /* ServiceHelper.swift */ = {isa = PBXFileReference; fileEncoding = 4; lastKnownFileType = sourcecode.swift; path = ServiceHelper.swift; sourceTree = "<group>"; };
		5B926DFD1D23989700458C4E /* NibDesignableView.swift */ = {isa = PBXFileReference; fileEncoding = 4; lastKnownFileType = sourcecode.swift; path = NibDesignableView.swift; sourceTree = "<group>"; };
		5B926DFE1D23989700458C4E /* UIView+ViewFromNib.swift */ = {isa = PBXFileReference; fileEncoding = 4; lastKnownFileType = sourcecode.swift; path = "UIView+ViewFromNib.swift"; sourceTree = "<group>"; };
		5B926E011D23A43400458C4E /* AccountsViewController.swift */ = {isa = PBXFileReference; fileEncoding = 4; lastKnownFileType = sourcecode.swift; path = AccountsViewController.swift; sourceTree = "<group>"; };
		5B926E031D23E8D600458C4E /* AccountDetailsView.swift */ = {isa = PBXFileReference; fileEncoding = 4; lastKnownFileType = sourcecode.swift; path = AccountDetailsView.swift; sourceTree = "<group>"; };
		5B926E051D23E8F400458C4E /* AccountDetailsView.xib */ = {isa = PBXFileReference; fileEncoding = 4; lastKnownFileType = file.xib; path = AccountDetailsView.xib; sourceTree = "<group>"; };
		5B93DD621D9002FD000BCE40 /* JSON.swift */ = {isa = PBXFileReference; fileEncoding = 4; lastKnownFileType = sourcecode.swift; path = JSON.swift; sourceTree = "<group>"; };
		5B9581381D2671C800E58117 /* IntroWorkshop-Bridging-Header.h */ = {isa = PBXFileReference; lastKnownFileType = sourcecode.c.h; path = "IntroWorkshop-Bridging-Header.h"; sourceTree = "<group>"; };
		5B95813B1D26729F00E58117 /* UIImageEffects.h */ = {isa = PBXFileReference; fileEncoding = 4; lastKnownFileType = sourcecode.c.h; path = UIImageEffects.h; sourceTree = "<group>"; };
		5B95813C1D26729F00E58117 /* UIImageEffects.m */ = {isa = PBXFileReference; fileEncoding = 4; lastKnownFileType = sourcecode.c.objc; path = UIImageEffects.m; sourceTree = "<group>"; };
		5B9A08051D3BBE990097D365 /* GetTransactions2424.json */ = {isa = PBXFileReference; fileEncoding = 4; lastKnownFileType = text.json; path = GetTransactions2424.json; sourceTree = "<group>"; };
		5B9B11E91D2C0A8E00463160 /* NavigationDemo.storyboard */ = {isa = PBXFileReference; fileEncoding = 4; lastKnownFileType = file.storyboard; path = NavigationDemo.storyboard; sourceTree = "<group>"; };
		5B9B11EB1D2C0A9D00463160 /* FirstViewController.swift */ = {isa = PBXFileReference; fileEncoding = 4; lastKnownFileType = sourcecode.swift; path = FirstViewController.swift; sourceTree = "<group>"; };
		5B9B11EC1D2C0A9D00463160 /* SecondViewController.swift */ = {isa = PBXFileReference; fileEncoding = 4; lastKnownFileType = sourcecode.swift; path = SecondViewController.swift; sourceTree = "<group>"; };
		5BCF7C051D95421E00D18FE5 /* ServiceURLs.swift */ = {isa = PBXFileReference; fileEncoding = 4; lastKnownFileType = sourcecode.swift; path = ServiceURLs.swift; sourceTree = "<group>"; };
		5BCF7C0A1D955B2600D18FE5 /* Result.swift */ = {isa = PBXFileReference; fileEncoding = 4; lastKnownFileType = sourcecode.swift; path = Result.swift; sourceTree = "<group>"; };
		5BE89E751D3BC305006BA2FD /* AccountsManager+Transactions.swift */ = {isa = PBXFileReference; fileEncoding = 4; lastKnownFileType = sourcecode.swift; path = "AccountsManager+Transactions.swift"; sourceTree = "<group>"; };
		5BEFC9DF1DF413C0006C1206 /* TransactionsViewController.swift */ = {isa = PBXFileReference; fileEncoding = 4; lastKnownFileType = sourcecode.swift; path = TransactionsViewController.swift; sourceTree = "<group>"; };
		ABD7A765E902FA8AD6FCAAA3 /* Pods-IntroWorkshop.debug.xcconfig */ = {isa = PBXFileReference; includeInIndex = 1; lastKnownFileType = text.xcconfig; name = "Pods-IntroWorkshop.debug.xcconfig"; path = "Pods/Target Support Files/Pods-IntroWorkshop/Pods-IntroWorkshop.debug.xcconfig"; sourceTree = "<group>"; };
		E6AFD6CF375E3CAD9E2BF3AE /* Pods_IntroWorkshop.framework */ = {isa = PBXFileReference; explicitFileType = wrapper.framework; includeInIndex = 0; path = Pods_IntroWorkshop.framework; sourceTree = BUILT_PRODUCTS_DIR; };
/* End PBXFileReference section */

/* Begin PBXFrameworksBuildPhase section */
		5B3AF5081C0FA33B00ABF7AA /* Frameworks */ = {
			isa = PBXFrameworksBuildPhase;
			buildActionMask = 2147483647;
			files = (
				D0FE04E3FFD4064977AF0758 /* Pods_IntroWorkshop.framework in Frameworks */,
			);
			runOnlyForDeploymentPostprocessing = 0;
		};
		5B3AF51C1C0FA33B00ABF7AA /* Frameworks */ = {
			isa = PBXFrameworksBuildPhase;
			buildActionMask = 2147483647;
			files = (
			);
			runOnlyForDeploymentPostprocessing = 0;
		};
/* End PBXFrameworksBuildPhase section */

/* Begin PBXGroup section */
		36EF370618D1D4CE6CD26AAA /* Pods */ = {
			isa = PBXGroup;
			children = (
				ABD7A765E902FA8AD6FCAAA3 /* Pods-IntroWorkshop.debug.xcconfig */,
				5721241A1DADB328046C2AE2 /* Pods-IntroWorkshop.release.xcconfig */,
			);
			name = Pods;
			sourceTree = "<group>";
		};
		5B2DA5BC1C3294E200C901FC /* MockResponses */ = {
			isa = PBXGroup;
			children = (
				5B2DA5BD1C3294E200C901FC /* GetAccounts.json */,
				5B63DDA41D3B43F300B01A96 /* GetTransactions2423.json */,
				5B9A08051D3BBE990097D365 /* GetTransactions2424.json */,
			);
			path = MockResponses;
			sourceTree = "<group>";
		};
		5B3AF5021C0FA33B00ABF7AA = {
			isa = PBXGroup;
			children = (
				5B3AF50D1C0FA33B00ABF7AA /* IntroWorkshop */,
				5B3AF5221C0FA33B00ABF7AA /* IntroWorkshopTests */,
				5B2DA5BC1C3294E200C901FC /* MockResponses */,
				5B3AF50C1C0FA33B00ABF7AA /* Products */,
				36EF370618D1D4CE6CD26AAA /* Pods */,
				7B828430AC26BDE0357D44C4 /* Frameworks */,
			);
			sourceTree = "<group>";
		};
		5B3AF50C1C0FA33B00ABF7AA /* Products */ = {
			isa = PBXGroup;
			children = (
				5B3AF50B1C0FA33B00ABF7AA /* IntroWorkshop.app */,
				5B3AF51F1C0FA33B00ABF7AA /* IntroWorkshopTests.xctest */,
			);
			name = Products;
			sourceTree = "<group>";
		};
		5B3AF50D1C0FA33B00ABF7AA /* IntroWorkshop */ = {
			isa = PBXGroup;
			children = (
				5B3AF5151C0FA33B00ABF7AA /* Assets.xcassets */,
				5B3CAD1F1C14E86E005568DF /* Controller */,
				5B3CAD261C14E86E005568DF /* Main.storyboard */,
				5B9B11E91D2C0A8E00463160 /* NavigationDemo.storyboard */,
				5B3CAD211C14E86E005568DF /* Model */,
				5B3CAD221C14E86E005568DF /* Supporting Files */,
				5B3CAD271C14E86E005568DF /* View */,
			);
			path = IntroWorkshop;
			sourceTree = "<group>";
		};
		5B3AF5221C0FA33B00ABF7AA /* IntroWorkshopTests */ = {
			isa = PBXGroup;
			children = (
				5B63DDA61D3B458C00B01A96 /* TransactionModelTests.swift */,
				5B2DA5C11C32964400C901FC /* AccountModelTests.swift */,
				5B3AF5251C0FA33B00ABF7AA /* Info.plist */,
			);
			path = IntroWorkshopTests;
			sourceTree = "<group>";
		};
		5B3CAD1F1C14E86E005568DF /* Controller */ = {
			isa = PBXGroup;
			children = (
				5B926E011D23A43400458C4E /* AccountsViewController.swift */,
				5B9B11EB1D2C0A9D00463160 /* FirstViewController.swift */,
				5B9B11EC1D2C0A9D00463160 /* SecondViewController.swift */,
				5BEFC9DF1DF413C0006C1206 /* TransactionsViewController.swift */,
			);
			path = Controller;
			sourceTree = "<group>";
		};
		5B3CAD211C14E86E005568DF /* Model */ = {
			isa = PBXGroup;
			children = (
				5B2DA5BF1C3295DB00C901FC /* Account.swift */,
				5B8394AE1D94B0FA007560CF /* AccountService.swift */,
				5B63DD9D1D3B43D200B01A96 /* AccountsManager.swift */,
				5BE89E751D3BC305006BA2FD /* AccountsManager+Transactions.swift */,
				5B63DD9F1D3B43D200B01A96 /* GroupedTransactions.swift */,
				5B93DD621D9002FD000BCE40 /* JSON.swift */,
				5BCF7C0A1D955B2600D18FE5 /* Result.swift */,
				5B8394AF1D94B0FA007560CF /* ServiceHelper.swift */,
				5BCF7C051D95421E00D18FE5 /* ServiceURLs.swift */,
				5B63DD9C1D3B43D200B01A96 /* Transaction.swift */,
				5B63DD9E1D3B43D200B01A96 /* TransactionService.swift */,
			);
			path = Model;
			sourceTree = "<group>";
		};
		5B3CAD221C14E86E005568DF /* Supporting Files */ = {
			isa = PBXGroup;
			children = (
				5B3CAD231C14E86E005568DF /* AppDelegate.swift */,
				5B3CAD2F1C14E95C005568DF /* Default-568h@2x.png */,
				5B3CAD241C14E86E005568DF /* Info.plist */,
				5B3CAD251C14E86E005568DF /* LaunchScreen.storyboard */,
				5B9581381D2671C800E58117 /* IntroWorkshop-Bridging-Header.h */,
			);
			path = "Supporting Files";
			sourceTree = "<group>";
		};
		5B3CAD271C14E86E005568DF /* View */ = {
			isa = PBXGroup;
			children = (
				5B926E031D23E8D600458C4E /* AccountDetailsView.swift */,
				5B926E051D23E8F400458C4E /* AccountDetailsView.xib */,
				5B44D4741D248B2A003D63B6 /* AccountDetailsViewCell.swift */,
				5B926DFD1D23989700458C4E /* NibDesignableView.swift */,
				5B95813B1D26729F00E58117 /* UIImageEffects.h */,
				5B95813C1D26729F00E58117 /* UIImageEffects.m */,
				5B926DFE1D23989700458C4E /* UIView+ViewFromNib.swift */,
			);
			path = View;
			sourceTree = "<group>";
		};
		7B828430AC26BDE0357D44C4 /* Frameworks */ = {
			isa = PBXGroup;
			children = (
				E6AFD6CF375E3CAD9E2BF3AE /* Pods_IntroWorkshop.framework */,
			);
			name = Frameworks;
			sourceTree = "<group>";
		};
/* End PBXGroup section */

/* Begin PBXNativeTarget section */
		5B3AF50A1C0FA33B00ABF7AA /* IntroWorkshop */ = {
			isa = PBXNativeTarget;
			buildConfigurationList = 5B3AF5281C0FA33B00ABF7AA /* Build configuration list for PBXNativeTarget "IntroWorkshop" */;
			buildPhases = (
				68D126B15A5DAC1BC262DAB8 /* [CP] Check Pods Manifest.lock */,
				5B3AF5071C0FA33B00ABF7AA /* Sources */,
				5B3AF5081C0FA33B00ABF7AA /* Frameworks */,
				5B3AF5091C0FA33B00ABF7AA /* Resources */,
				893B2F4A6D79F057574CF0D7 /* [CP] Embed Pods Frameworks */,
				E3118591D8B27227FB69C2AF /* [CP] Copy Pods Resources */,
			);
			buildRules = (
			);
			dependencies = (
			);
			name = IntroWorkshop;
			productName = IntroWorkshop;
			productReference = 5B3AF50B1C0FA33B00ABF7AA /* IntroWorkshop.app */;
			productType = "com.apple.product-type.application";
		};
		5B3AF51E1C0FA33B00ABF7AA /* IntroWorkshopTests */ = {
			isa = PBXNativeTarget;
			buildConfigurationList = 5B3AF52B1C0FA33B00ABF7AA /* Build configuration list for PBXNativeTarget "IntroWorkshopTests" */;
			buildPhases = (
				5B3AF51B1C0FA33B00ABF7AA /* Sources */,
				5B3AF51C1C0FA33B00ABF7AA /* Frameworks */,
				5B3AF51D1C0FA33B00ABF7AA /* Resources */,
			);
			buildRules = (
			);
			dependencies = (
				5B3AF5211C0FA33B00ABF7AA /* PBXTargetDependency */,
			);
			name = IntroWorkshopTests;
			productName = IntroWorkshopTests;
			productReference = 5B3AF51F1C0FA33B00ABF7AA /* IntroWorkshopTests.xctest */;
			productType = "com.apple.product-type.bundle.unit-test";
		};
/* End PBXNativeTarget section */

/* Begin PBXProject section */
		5B3AF5031C0FA33B00ABF7AA /* Project object */ = {
			isa = PBXProject;
			attributes = {
				LastSwiftUpdateCheck = 0730;
				LastUpgradeCheck = 0800;
				ORGANIZATIONNAME = "Commonwealth Bank of Australia";
				TargetAttributes = {
					5B3AF50A1C0FA33B00ABF7AA = {
						CreatedOnToolsVersion = 7.1;
						LastSwiftMigration = 0800;
					};
					5B3AF51E1C0FA33B00ABF7AA = {
						CreatedOnToolsVersion = 7.1;
						LastSwiftMigration = 0800;
						TestTargetID = 5B3AF50A1C0FA33B00ABF7AA;
					};
				};
			};
			buildConfigurationList = 5B3AF5061C0FA33B00ABF7AA /* Build configuration list for PBXProject "IntroWorkshop" */;
			compatibilityVersion = "Xcode 3.2";
			developmentRegion = English;
			hasScannedForEncodings = 0;
			knownRegions = (
				en,
				Base,
			);
			mainGroup = 5B3AF5021C0FA33B00ABF7AA;
			productRefGroup = 5B3AF50C1C0FA33B00ABF7AA /* Products */;
			projectDirPath = "";
			projectRoot = "";
			targets = (
				5B3AF50A1C0FA33B00ABF7AA /* IntroWorkshop */,
				5B3AF51E1C0FA33B00ABF7AA /* IntroWorkshopTests */,
			);
		};
/* End PBXProject section */

/* Begin PBXResourcesBuildPhase section */
		5B3AF5091C0FA33B00ABF7AA /* Resources */ = {
			isa = PBXResourcesBuildPhase;
			buildActionMask = 2147483647;
			files = (
				5BCF7C091D9545C300D18FE5 /* GetAccounts.json in Resources */,
				5B926E061D23E8F400458C4E /* AccountDetailsView.xib in Resources */,
				5B3CAD2B1C14E86E005568DF /* LaunchScreen.storyboard in Resources */,
				5B3AF5161C0FA33B00ABF7AA /* Assets.xcassets in Resources */,
				5B9A08061D3BBE990097D365 /* GetTransactions2424.json in Resources */,
				5B3CAD301C14E95C005568DF /* Default-568h@2x.png in Resources */,
				5B63DDA51D3B43F300B01A96 /* GetTransactions2423.json in Resources */,
				5B9B11EA1D2C0A8E00463160 /* NavigationDemo.storyboard in Resources */,
				5B3CAD2C1C14E86E005568DF /* Main.storyboard in Resources */,
			);
			runOnlyForDeploymentPostprocessing = 0;
		};
		5B3AF51D1C0FA33B00ABF7AA /* Resources */ = {
			isa = PBXResourcesBuildPhase;
			buildActionMask = 2147483647;
			files = (
			);
			runOnlyForDeploymentPostprocessing = 0;
		};
/* End PBXResourcesBuildPhase section */

/* Begin PBXShellScriptBuildPhase section */
		68D126B15A5DAC1BC262DAB8 /* [CP] Check Pods Manifest.lock */ = {
			isa = PBXShellScriptBuildPhase;
			buildActionMask = 2147483647;
			files = (
			);
			inputPaths = (
			);
			name = "[CP] Check Pods Manifest.lock";
			outputPaths = (
			);
			runOnlyForDeploymentPostprocessing = 0;
			shellPath = /bin/sh;
			shellScript = "diff \"${PODS_ROOT}/../Podfile.lock\" \"${PODS_ROOT}/Manifest.lock\" > /dev/null\nif [[ $? != 0 ]] ; then\n    cat << EOM\nerror: The sandbox is not in sync with the Podfile.lock. Run 'pod install' or update your CocoaPods installation.\nEOM\n    exit 1\nfi\n";
			showEnvVarsInLog = 0;
		};
		893B2F4A6D79F057574CF0D7 /* [CP] Embed Pods Frameworks */ = {
			isa = PBXShellScriptBuildPhase;
			buildActionMask = 2147483647;
			files = (
			);
			inputPaths = (
			);
			name = "[CP] Embed Pods Frameworks";
			outputPaths = (
			);
			runOnlyForDeploymentPostprocessing = 0;
			shellPath = /bin/sh;
			shellScript = "\"${SRCROOT}/Pods/Target Support Files/Pods-IntroWorkshop/Pods-IntroWorkshop-frameworks.sh\"\n";
			showEnvVarsInLog = 0;
		};
		E3118591D8B27227FB69C2AF /* [CP] Copy Pods Resources */ = {
			isa = PBXShellScriptBuildPhase;
			buildActionMask = 2147483647;
			files = (
			);
			inputPaths = (
			);
			name = "[CP] Copy Pods Resources";
			outputPaths = (
			);
			runOnlyForDeploymentPostprocessing = 0;
			shellPath = /bin/sh;
			shellScript = "\"${SRCROOT}/Pods/Target Support Files/Pods-IntroWorkshop/Pods-IntroWorkshop-resources.sh\"\n";
			showEnvVarsInLog = 0;
		};
/* End PBXShellScriptBuildPhase section */

/* Begin PBXSourcesBuildPhase section */
		5B3AF5071C0FA33B00ABF7AA /* Sources */ = {
			isa = PBXSourcesBuildPhase;
			buildActionMask = 2147483647;
			files = (
				5B3CAD291C14E86E005568DF /* AppDelegate.swift in Sources */,
				5B926E021D23A43400458C4E /* AccountsViewController.swift in Sources */,
				5B926E001D23989700458C4E /* UIView+ViewFromNib.swift in Sources */,
				5B926E041D23E8D600458C4E /* AccountDetailsView.swift in Sources */,
				5B63DDA31D3B43D200B01A96 /* GroupedTransactions.swift in Sources */,
				5B63DDA11D3B43D200B01A96 /* AccountsManager.swift in Sources */,
				5B9B11EE1D2C0A9D00463160 /* SecondViewController.swift in Sources */,
				5B63DDA21D3B43D200B01A96 /* TransactionService.swift in Sources */,
				5B9B11ED1D2C0A9D00463160 /* FirstViewController.swift in Sources */,
				5B2DA5C01C3295DB00C901FC /* Account.swift in Sources */,
				5B926DFF1D23989700458C4E /* NibDesignableView.swift in Sources */,
				5B95813D1D26729F00E58117 /* UIImageEffects.m in Sources */,
				5B8394B01D94B0FA007560CF /* AccountService.swift in Sources */,
				5BCF7C0B1D955B2600D18FE5 /* Result.swift in Sources */,
				5BEFC9E01DF413C0006C1206 /* TransactionsViewController.swift in Sources */,
				5B93DD631D9002FD000BCE40 /* JSON.swift in Sources */,
				5B44D4751D248B2A003D63B6 /* AccountDetailsViewCell.swift in Sources */,
				5B8394B11D94B0FA007560CF /* ServiceHelper.swift in Sources */,
				5BCF7C061D95421E00D18FE5 /* ServiceURLs.swift in Sources */,
				5BE89E761D3BC305006BA2FD /* AccountsManager+Transactions.swift in Sources */,
				5B63DDA01D3B43D200B01A96 /* Transaction.swift in Sources */,
			);
			runOnlyForDeploymentPostprocessing = 0;
		};
		5B3AF51B1C0FA33B00ABF7AA /* Sources */ = {
			isa = PBXSourcesBuildPhase;
			buildActionMask = 2147483647;
			files = (
				5B63DDA71D3B458C00B01A96 /* TransactionModelTests.swift in Sources */,
				5B2DA5C21C32964400C901FC /* AccountModelTests.swift in Sources */,
			);
			runOnlyForDeploymentPostprocessing = 0;
		};
/* End PBXSourcesBuildPhase section */

/* Begin PBXTargetDependency section */
		5B3AF5211C0FA33B00ABF7AA /* PBXTargetDependency */ = {
			isa = PBXTargetDependency;
			target = 5B3AF50A1C0FA33B00ABF7AA /* IntroWorkshop */;
			targetProxy = 5B3AF5201C0FA33B00ABF7AA /* PBXContainerItemProxy */;
		};
/* End PBXTargetDependency section */

/* Begin XCBuildConfiguration section */
		5B3AF5261C0FA33B00ABF7AA /* Debug */ = {
			isa = XCBuildConfiguration;
			buildSettings = {
				ALWAYS_SEARCH_USER_PATHS = NO;
				CLANG_CXX_LANGUAGE_STANDARD = "gnu++0x";
				CLANG_CXX_LIBRARY = "libc++";
				CLANG_ENABLE_MODULES = YES;
				CLANG_ENABLE_OBJC_ARC = YES;
				CLANG_WARN_BOOL_CONVERSION = YES;
				CLANG_WARN_CONSTANT_CONVERSION = YES;
				CLANG_WARN_DIRECT_OBJC_ISA_USAGE = YES_ERROR;
				CLANG_WARN_EMPTY_BODY = YES;
				CLANG_WARN_ENUM_CONVERSION = YES;
				CLANG_WARN_INFINITE_RECURSION = YES;
				CLANG_WARN_INT_CONVERSION = YES;
				CLANG_WARN_OBJC_ROOT_CLASS = YES_ERROR;
				CLANG_WARN_SUSPICIOUS_MOVE = YES;
				CLANG_WARN_UNREACHABLE_CODE = YES;
				CLANG_WARN__DUPLICATE_METHOD_MATCH = YES;
				"CODE_SIGN_IDENTITY[sdk=iphoneos*]" = "iPhone Developer";
				COPY_PHASE_STRIP = NO;
				DEBUG_INFORMATION_FORMAT = dwarf;
				ENABLE_STRICT_OBJC_MSGSEND = YES;
				ENABLE_TESTABILITY = YES;
				GCC_C_LANGUAGE_STANDARD = gnu99;
				GCC_DYNAMIC_NO_PIC = NO;
				GCC_NO_COMMON_BLOCKS = YES;
				GCC_OPTIMIZATION_LEVEL = 0;
				GCC_PREPROCESSOR_DEFINITIONS = (
					"DEBUG=1",
					"$(inherited)",
				);
				GCC_WARN_64_TO_32_BIT_CONVERSION = YES;
				GCC_WARN_ABOUT_RETURN_TYPE = YES_ERROR;
				GCC_WARN_UNDECLARED_SELECTOR = YES;
				GCC_WARN_UNINITIALIZED_AUTOS = YES_AGGRESSIVE;
				GCC_WARN_UNUSED_FUNCTION = YES;
				GCC_WARN_UNUSED_VARIABLE = YES;
				IPHONEOS_DEPLOYMENT_TARGET = 9.0;
				MTL_ENABLE_DEBUG_INFO = YES;
				ONLY_ACTIVE_ARCH = YES;
				SDKROOT = iphoneos;
				SWIFT_OPTIMIZATION_LEVEL = "-Onone";
			};
			name = Debug;
		};
		5B3AF5271C0FA33B00ABF7AA /* Release */ = {
			isa = XCBuildConfiguration;
			buildSettings = {
				ALWAYS_SEARCH_USER_PATHS = NO;
				CLANG_CXX_LANGUAGE_STANDARD = "gnu++0x";
				CLANG_CXX_LIBRARY = "libc++";
				CLANG_ENABLE_MODULES = YES;
				CLANG_ENABLE_OBJC_ARC = YES;
				CLANG_WARN_BOOL_CONVERSION = YES;
				CLANG_WARN_CONSTANT_CONVERSION = YES;
				CLANG_WARN_DIRECT_OBJC_ISA_USAGE = YES_ERROR;
				CLANG_WARN_EMPTY_BODY = YES;
				CLANG_WARN_ENUM_CONVERSION = YES;
				CLANG_WARN_INFINITE_RECURSION = YES;
				CLANG_WARN_INT_CONVERSION = YES;
				CLANG_WARN_OBJC_ROOT_CLASS = YES_ERROR;
				CLANG_WARN_SUSPICIOUS_MOVE = YES;
				CLANG_WARN_UNREACHABLE_CODE = YES;
				CLANG_WARN__DUPLICATE_METHOD_MATCH = YES;
				"CODE_SIGN_IDENTITY[sdk=iphoneos*]" = "iPhone Developer";
				COPY_PHASE_STRIP = NO;
				DEBUG_INFORMATION_FORMAT = "dwarf-with-dsym";
				ENABLE_NS_ASSERTIONS = NO;
				ENABLE_STRICT_OBJC_MSGSEND = YES;
				GCC_C_LANGUAGE_STANDARD = gnu99;
				GCC_NO_COMMON_BLOCKS = YES;
				GCC_WARN_64_TO_32_BIT_CONVERSION = YES;
				GCC_WARN_ABOUT_RETURN_TYPE = YES_ERROR;
				GCC_WARN_UNDECLARED_SELECTOR = YES;
				GCC_WARN_UNINITIALIZED_AUTOS = YES_AGGRESSIVE;
				GCC_WARN_UNUSED_FUNCTION = YES;
				GCC_WARN_UNUSED_VARIABLE = YES;
				IPHONEOS_DEPLOYMENT_TARGET = 9.0;
				MTL_ENABLE_DEBUG_INFO = NO;
				SDKROOT = iphoneos;
				SWIFT_OPTIMIZATION_LEVEL = "-Owholemodule";
				VALIDATE_PRODUCT = YES;
			};
			name = Release;
		};
		5B3AF5291C0FA33B00ABF7AA /* Debug */ = {
			isa = XCBuildConfiguration;
			baseConfigurationReference = ABD7A765E902FA8AD6FCAAA3 /* Pods-IntroWorkshop.debug.xcconfig */;
			buildSettings = {
				ASSETCATALOG_COMPILER_APPICON_NAME = AppIcon;
				CLANG_ENABLE_MODULES = YES;
				INFOPLIST_FILE = "$(SRCROOT)/IntroWorkshop/Supporting Files/Info.plist";
				LD_RUNPATH_SEARCH_PATHS = "$(inherited) @executable_path/Frameworks";
				PRODUCT_BUNDLE_IDENTIFIER = au.com.commbank.IntroWorkshop;
				PRODUCT_NAME = "$(TARGET_NAME)";
				SWIFT_OBJC_BRIDGING_HEADER = "IntroWorkshop/Supporting Files/IntroWorkshop-Bridging-Header.h";
				SWIFT_OPTIMIZATION_LEVEL = "-Onone";
				SWIFT_VERSION = 3.0;
			};
			name = Debug;
		};
		5B3AF52A1C0FA33B00ABF7AA /* Release */ = {
			isa = XCBuildConfiguration;
			baseConfigurationReference = 5721241A1DADB328046C2AE2 /* Pods-IntroWorkshop.release.xcconfig */;
			buildSettings = {
				ASSETCATALOG_COMPILER_APPICON_NAME = AppIcon;
				CLANG_ENABLE_MODULES = YES;
				INFOPLIST_FILE = "$(SRCROOT)/IntroWorkshop/Supporting Files/Info.plist";
				LD_RUNPATH_SEARCH_PATHS = "$(inherited) @executable_path/Frameworks";
				PRODUCT_BUNDLE_IDENTIFIER = au.com.commbank.IntroWorkshop;
				PRODUCT_NAME = "$(TARGET_NAME)";
				SWIFT_OBJC_BRIDGING_HEADER = "IntroWorkshop/Supporting Files/IntroWorkshop-Bridging-Header.h";
				SWIFT_VERSION = 3.0;
			};
			name = Release;
		};
		5B3AF52C1C0FA33B00ABF7AA /* Debug */ = {
			isa = XCBuildConfiguration;
			buildSettings = {
				BUNDLE_LOADER = "$(TEST_HOST)";
				CLANG_ENABLE_MODULES = YES;
				INFOPLIST_FILE = IntroWorkshopTests/Info.plist;
				LD_RUNPATH_SEARCH_PATHS = "$(inherited) @executable_path/Frameworks @loader_path/Frameworks";
				PRODUCT_BUNDLE_IDENTIFIER = au.com.commbank.IntroWorkshopTests;
				PRODUCT_NAME = "$(TARGET_NAME)";
				SWIFT_OPTIMIZATION_LEVEL = "-Onone";
				SWIFT_VERSION = 3.0;
				TEST_HOST = "$(BUILT_PRODUCTS_DIR)/IntroWorkshop.app/IntroWorkshop";
			};
			name = Debug;
		};
		5B3AF52D1C0FA33B00ABF7AA /* Release */ = {
			isa = XCBuildConfiguration;
			buildSettings = {
				BUNDLE_LOADER = "$(TEST_HOST)";
				CLANG_ENABLE_MODULES = YES;
				INFOPLIST_FILE = IntroWorkshopTests/Info.plist;
				LD_RUNPATH_SEARCH_PATHS = "$(inherited) @executable_path/Frameworks @loader_path/Frameworks";
				PRODUCT_BUNDLE_IDENTIFIER = au.com.commbank.IntroWorkshopTests;
				PRODUCT_NAME = "$(TARGET_NAME)";
				SWIFT_VERSION = 3.0;
				TEST_HOST = "$(BUILT_PRODUCTS_DIR)/IntroWorkshop.app/IntroWorkshop";
			};
			name = Release;
		};
/* End XCBuildConfiguration section */

/* Begin XCConfigurationList section */
		5B3AF5061C0FA33B00ABF7AA /* Build configuration list for PBXProject "IntroWorkshop" */ = {
			isa = XCConfigurationList;
			buildConfigurations = (
				5B3AF5261C0FA33B00ABF7AA /* Debug */,
				5B3AF5271C0FA33B00ABF7AA /* Release */,
			);
			defaultConfigurationIsVisible = 0;
			defaultConfigurationName = Release;
		};
		5B3AF5281C0FA33B00ABF7AA /* Build configuration list for PBXNativeTarget "IntroWorkshop" */ = {
			isa = XCConfigurationList;
			buildConfigurations = (
				5B3AF5291C0FA33B00ABF7AA /* Debug */,
				5B3AF52A1C0FA33B00ABF7AA /* Release */,
			);
			defaultConfigurationIsVisible = 0;
			defaultConfigurationName = Release;
		};
		5B3AF52B1C0FA33B00ABF7AA /* Build configuration list for PBXNativeTarget "IntroWorkshopTests" */ = {
			isa = XCConfigurationList;
			buildConfigurations = (
				5B3AF52C1C0FA33B00ABF7AA /* Debug */,
				5B3AF52D1C0FA33B00ABF7AA /* Release */,
			);
			defaultConfigurationIsVisible = 0;
			defaultConfigurationName = Release;
		};
/* End XCConfigurationList section */
	};
	rootObject = 5B3AF5031C0FA33B00ABF7AA /* Project object */;
}
